{
    "_readme": [
        "This file locks the dependencies of your project to a known state",
        "Read more about it at https://getcomposer.org/doc/01-basic-usage.md#installing-dependencies",
        "This file is @generated automatically"
    ],
    "content-hash": "c1680c99412f40460725f8b2a9f52de3",
    "packages": [
        {
            "name": "container-interop/container-interop",
            "version": "1.2.0",
            "source": {
                "type": "git",
                "url": "https://github.com/container-interop/container-interop.git",
                "reference": "79cbf1341c22ec75643d841642dd5d6acd83bdb8"
            },
            "dist": {
                "type": "zip",
                "url": "https://api.github.com/repos/container-interop/container-interop/zipball/79cbf1341c22ec75643d841642dd5d6acd83bdb8",
                "reference": "79cbf1341c22ec75643d841642dd5d6acd83bdb8",
                "shasum": ""
            },
            "require": {
                "psr/container": "^1.0"
            },
            "type": "library",
            "autoload": {
                "psr-4": {
                    "Interop\\Container\\": "src/Interop/Container/"
                }
            },
            "notification-url": "https://packagist.org/downloads/",
            "license": [
                "MIT"
            ],
            "description": "Promoting the interoperability of container objects (DIC, SL, etc.)",
            "homepage": "https://github.com/container-interop/container-interop",
            "support": {
                "issues": "https://github.com/container-interop/container-interop/issues",
                "source": "https://github.com/container-interop/container-interop/tree/master"
            },
            "abandoned": "psr/container",
            "time": "2017-02-14T19:40:03+00:00"
        },
        {
            "name": "myclabs/php-enum",
            "version": "1.7.7",
            "source": {
                "type": "git",
                "url": "https://github.com/myclabs/php-enum.git",
                "reference": "d178027d1e679832db9f38248fcc7200647dc2b7"
            },
            "dist": {
                "type": "zip",
                "url": "https://api.github.com/repos/myclabs/php-enum/zipball/d178027d1e679832db9f38248fcc7200647dc2b7",
                "reference": "d178027d1e679832db9f38248fcc7200647dc2b7",
                "shasum": ""
            },
            "require": {
                "ext-json": "*",
                "php": ">=7.1"
            },
            "require-dev": {
                "phpunit/phpunit": "^7",
                "squizlabs/php_codesniffer": "1.*",
                "vimeo/psalm": "^3.8"
            },
            "type": "library",
            "autoload": {
                "psr-4": {
                    "MyCLabs\\Enum\\": "src/"
                }
            },
            "notification-url": "https://packagist.org/downloads/",
            "license": [
                "MIT"
            ],
            "authors": [
                {
                    "name": "PHP Enum contributors",
                    "homepage": "https://github.com/myclabs/php-enum/graphs/contributors"
                }
            ],
            "description": "PHP Enum implementation",
            "homepage": "http://github.com/myclabs/php-enum",
            "keywords": [
                "enum"
            ],
            "support": {
                "issues": "https://github.com/myclabs/php-enum/issues",
                "source": "https://github.com/myclabs/php-enum/tree/1.7.7"
            },
            "funding": [
                {
                    "url": "https://github.com/mnapoli",
                    "type": "github"
                },
                {
                    "url": "https://tidelift.com/funding/github/packagist/myclabs/php-enum",
                    "type": "tidelift"
                }
            ],
            "time": "2020-11-14T18:14:52+00:00"
        },
        {
            "name": "nikic/fast-route",
            "version": "v1.3.0",
            "source": {
                "type": "git",
                "url": "https://github.com/nikic/FastRoute.git",
                "reference": "181d480e08d9476e61381e04a71b34dc0432e812"
            },
            "dist": {
                "type": "zip",
                "url": "https://api.github.com/repos/nikic/FastRoute/zipball/181d480e08d9476e61381e04a71b34dc0432e812",
                "reference": "181d480e08d9476e61381e04a71b34dc0432e812",
                "shasum": ""
            },
            "require": {
                "php": ">=5.4.0"
            },
            "require-dev": {
                "phpunit/phpunit": "^4.8.35|~5.7"
            },
            "type": "library",
            "autoload": {
                "psr-4": {
                    "FastRoute\\": "src/"
                },
                "files": [
                    "src/functions.php"
                ]
            },
            "notification-url": "https://packagist.org/downloads/",
            "license": [
                "BSD-3-Clause"
            ],
            "authors": [
                {
                    "name": "Nikita Popov",
                    "email": "nikic@php.net"
                }
            ],
            "description": "Fast request router for PHP",
            "keywords": [
                "router",
                "routing"
            ],
            "support": {
                "issues": "https://github.com/nikic/FastRoute/issues",
                "source": "https://github.com/nikic/FastRoute/tree/master"
            },
            "time": "2018-02-13T20:26:39+00:00"
        },
        {
            "name": "pimple/pimple",
            "version": "v3.3.1",
            "source": {
                "type": "git",
                "url": "https://github.com/silexphp/Pimple.git",
                "reference": "21e45061c3429b1e06233475cc0e1f6fc774d5b0"
            },
            "dist": {
                "type": "zip",
                "url": "https://api.github.com/repos/silexphp/Pimple/zipball/21e45061c3429b1e06233475cc0e1f6fc774d5b0",
                "reference": "21e45061c3429b1e06233475cc0e1f6fc774d5b0",
                "shasum": ""
            },
            "require": {
                "php": ">=7.2.5",
                "psr/container": "^1.0"
            },
            "require-dev": {
                "symfony/phpunit-bridge": "^5.0"
            },
            "type": "library",
            "extra": {
                "branch-alias": {
                    "dev-master": "3.3.x-dev"
                }
            },
            "autoload": {
                "psr-0": {
                    "Pimple": "src/"
                }
            },
            "notification-url": "https://packagist.org/downloads/",
            "license": [
                "MIT"
            ],
            "authors": [
                {
                    "name": "Fabien Potencier",
                    "email": "fabien@symfony.com"
                }
            ],
            "description": "Pimple, a simple Dependency Injection Container",
            "homepage": "https://pimple.symfony.com",
            "keywords": [
                "container",
                "dependency injection"
            ],
            "support": {
                "source": "https://github.com/silexphp/Pimple/tree/v3.3.1"
            },
            "time": "2020-11-24T20:35:42+00:00"
        },
        {
            "name": "psr/container",
            "version": "1.0.0",
            "source": {
                "type": "git",
                "url": "https://github.com/php-fig/container.git",
                "reference": "b7ce3b176482dbbc1245ebf52b181af44c2cf55f"
            },
            "dist": {
                "type": "zip",
                "url": "https://api.github.com/repos/php-fig/container/zipball/b7ce3b176482dbbc1245ebf52b181af44c2cf55f",
                "reference": "b7ce3b176482dbbc1245ebf52b181af44c2cf55f",
                "shasum": ""
            },
            "require": {
                "php": ">=5.3.0"
            },
            "type": "library",
            "extra": {
                "branch-alias": {
                    "dev-master": "1.0.x-dev"
                }
            },
            "autoload": {
                "psr-4": {
                    "Psr\\Container\\": "src/"
                }
            },
            "notification-url": "https://packagist.org/downloads/",
            "license": [
                "MIT"
            ],
            "authors": [
                {
                    "name": "PHP-FIG",
                    "homepage": "http://www.php-fig.org/"
                }
            ],
            "description": "Common Container Interface (PHP FIG PSR-11)",
            "homepage": "https://github.com/php-fig/container",
            "keywords": [
                "PSR-11",
                "container",
                "container-interface",
                "container-interop",
                "psr"
            ],
            "support": {
                "issues": "https://github.com/php-fig/container/issues",
                "source": "https://github.com/php-fig/container/tree/master"
            },
            "time": "2017-02-14T16:28:37+00:00"
        },
        {
            "name": "psr/http-message",
            "version": "1.0.1",
            "source": {
                "type": "git",
                "url": "https://github.com/php-fig/http-message.git",
                "reference": "f6561bf28d520154e4b0ec72be95418abe6d9363"
            },
            "dist": {
                "type": "zip",
                "url": "https://api.github.com/repos/php-fig/http-message/zipball/f6561bf28d520154e4b0ec72be95418abe6d9363",
                "reference": "f6561bf28d520154e4b0ec72be95418abe6d9363",
                "shasum": ""
            },
            "require": {
                "php": ">=5.3.0"
            },
            "type": "library",
            "extra": {
                "branch-alias": {
                    "dev-master": "1.0.x-dev"
                }
            },
            "autoload": {
                "psr-4": {
                    "Psr\\Http\\Message\\": "src/"
                }
            },
            "notification-url": "https://packagist.org/downloads/",
            "license": [
                "MIT"
            ],
            "authors": [
                {
                    "name": "PHP-FIG",
                    "homepage": "http://www.php-fig.org/"
                }
            ],
            "description": "Common interface for HTTP messages",
            "homepage": "https://github.com/php-fig/http-message",
            "keywords": [
                "http",
                "http-message",
                "psr",
                "psr-7",
                "request",
                "response"
            ],
            "support": {
                "source": "https://github.com/php-fig/http-message/tree/master"
            },
            "time": "2016-08-06T14:39:51+00:00"
        },
        {
            "name": "symfony/polyfill-ctype",
            "version": "v1.20.0",
            "source": {
                "type": "git",
                "url": "https://github.com/symfony/polyfill-ctype.git",
                "reference": "f4ba089a5b6366e453971d3aad5fe8e897b37f41"
            },
            "dist": {
                "type": "zip",
                "url": "https://api.github.com/repos/symfony/polyfill-ctype/zipball/f4ba089a5b6366e453971d3aad5fe8e897b37f41",
                "reference": "f4ba089a5b6366e453971d3aad5fe8e897b37f41",
                "shasum": ""
            },
            "require": {
                "php": ">=7.1"
            },
            "suggest": {
                "ext-ctype": "For best performance"
            },
            "type": "library",
            "extra": {
                "branch-alias": {
                    "dev-main": "1.20-dev"
                },
                "thanks": {
                    "name": "symfony/polyfill",
                    "url": "https://github.com/symfony/polyfill"
                }
            },
            "autoload": {
                "psr-4": {
                    "Symfony\\Polyfill\\Ctype\\": ""
                },
                "files": [
                    "bootstrap.php"
                ]
            },
            "notification-url": "https://packagist.org/downloads/",
            "license": [
                "MIT"
            ],
            "authors": [
                {
                    "name": "Gert de Pagter",
                    "email": "BackEndTea@gmail.com"
                },
                {
                    "name": "Symfony Community",
                    "homepage": "https://symfony.com/contributors"
                }
            ],
            "description": "Symfony polyfill for ctype functions",
            "homepage": "https://symfony.com",
            "keywords": [
                "compatibility",
                "ctype",
                "polyfill",
                "portable"
            ],
            "support": {
                "source": "https://github.com/symfony/polyfill-ctype/tree/v1.20.0"
            },
            "funding": [
                {
                    "url": "https://symfony.com/sponsor",
                    "type": "custom"
                },
                {
                    "url": "https://github.com/fabpot",
                    "type": "github"
                },
                {
                    "url": "https://tidelift.com/funding/github/packagist/symfony/symfony",
                    "type": "tidelift"
                }
            ],
            "time": "2020-10-23T14:02:19+00:00"
        },
        {
            "name": "virgil/crypto",
            "version": "v6.1.0",
            "source": {
                "type": "git",
                "url": "https://github.com/VirgilSecurity/virgil-crypto-php.git",
                "reference": "03fbcd50aecba0b9e8f82bf1e2cf0b4580b5d8ee"
            },
            "dist": {
                "type": "zip",
                "url": "https://api.github.com/repos/VirgilSecurity/virgil-crypto-php/zipball/03fbcd50aecba0b9e8f82bf1e2cf0b4580b5d8ee",
                "reference": "03fbcd50aecba0b9e8f82bf1e2cf0b4580b5d8ee",
                "shasum": ""
            },
            "require": {
                "ext-json": "*",
                "myclabs/php-enum": "^1.7",
                "php": "^7.2",
                "virgil/crypto-wrapper": "^0.15"
            },
            "require-dev": {
                "phpunit/phpunit": "^8"
            },
            "type": "standalone",
            "autoload": {
                "psr-4": {
                    "Virgil\\Crypto\\": "src/"
                }
            },
            "notification-url": "https://packagist.org/downloads/",
            "license": [
                "BSD-3-Clause"
            ],
            "authors": [
                {
                    "name": "Virgil Security, Inc",
                    "email": "support@virgilsecurity.com",
                    "homepage": "https://virgilsecurity.com/"
                }
            ],
            "description": "Virgil is a stack of security libraries (ECIES with Crypto Agility wrapped in Virgil Cryptogram) and all the necessary infrastructure to enable seamless, end-to-end encryption for any application, platform or device. See below for currently available languages and platforms. Get in touch with us to get preview access to our key infrastructure.",
            "homepage": "http://virgilsecurity.com",
            "keywords": [
                "Authentication",
                "ECIES",
                "PFS",
                "Passwordless",
                "Perfect Forward Secrecy",
                "Virgil.Keys",
                "Virgil.Pass",
                "cross",
                "cryptography",
                "decryption",
                "elliptic",
                "encryption",
                "end-to-end",
                "platform",
                "security",
                "verification",
                "virgil"
            ],
            "support": {
                "issues": "https://github.com/VirgilSecurity/virgil-crypto-php/issues",
                "source": "https://github.com/VirgilSecurity/virgil-crypto-php/tree/v6.1.0"
            },
            "time": "2020-11-24T08:18:21+00:00"
        },
        {
            "name": "virgil/crypto-wrapper",
            "version": "v0.15.2",
            "source": {
                "type": "git",
                "url": "https://github.com/VirgilSecurity/virgil-cryptowrapper-php.git",
                "reference": "c233a7cd7b8f5bd796697b6806198b53cc4415ee"
            },
            "dist": {
                "type": "zip",
                "url": "https://api.github.com/repos/VirgilSecurity/virgil-cryptowrapper-php/zipball/c233a7cd7b8f5bd796697b6806198b53cc4415ee",
                "reference": "c233a7cd7b8f5bd796697b6806198b53cc4415ee",
                "shasum": ""
            },
            "require": {
                "myclabs/php-enum": "^1.7",
                "php": "^7"
            },
            "require-dev": {
                "phpunit/phpunit": "^8"
            },
            "type": "library",
            "autoload": {
                "psr-4": {
                    "Virgil\\CryptoWrapper\\": "src/"
                }
            },
            "notification-url": "https://packagist.org/downloads/",
            "license": [
                "BSD-3-Clause"
            ],
            "authors": [
                {
                    "name": "Virgil Security, Inc",
                    "email": "support@virgilsecurity.com",
                    "homepage": "https://virgilsecurity.com"
                }
            ],
            "description": "Virgil Security Crypto Wrapper",
            "homepage": "https://virgilsecurity.com",
            "support": {
                "issues": "https://github.com/VirgilSecurity/virgil-cryptowrapper-php/issues",
                "source": "https://github.com/VirgilSecurity/virgil-cryptowrapper-php/tree/v0.15.2"
            },
            "time": "2020-05-21T13:39:11+00:00"
        },
        {
            "name": "virgil/sdk",
            "version": "v6.1.1",
            "source": {
                "type": "git",
                "url": "https://github.com/VirgilSecurity/virgil-sdk-php.git",
                "reference": "851c16a4c0a31c42efa07b5454650597aa46ee8e"
            },
            "dist": {
                "type": "zip",
                "url": "https://api.github.com/repos/VirgilSecurity/virgil-sdk-php/zipball/851c16a4c0a31c42efa07b5454650597aa46ee8e",
                "reference": "851c16a4c0a31c42efa07b5454650597aa46ee8e",
                "shasum": ""
            },
            "require": {
                "ext-curl": "*",
                "ext-json": "*",
                "php": ">=7.2",
                "virgil/crypto": "^6.1"
            },
            "require-dev": {
                "phpunit/phpunit": "^8",
                "vlucas/phpdotenv": "^2.5"
            },
            "type": "library",
            "autoload": {
                "psr-4": {
                    "Virgil\\Sdk\\": "src/"
                }
            },
            "notification-url": "https://packagist.org/downloads/",
            "license": [
                "BSD-3-Clause"
            ],
            "authors": [
                {
                    "name": "Virgil Security, Inc",
                    "email": "support@virgilsecurity.com",
                    "homepage": "http://virgilsecurity.com"
                }
            ],
            "description": "Virgil is a stack of security libraries (ECIES with Crypto Agility wrapped in Virgil Cryptogram) and all the necessary infrastructure to enable seamless, end-to-end encryption for any application, platform or device. See below for currently available languages and platforms. Get in touch with us to get preview access to our key infrastructure.",
            "homepage": "https://virgilsecurity.com",
            "keywords": [
                "Authentication",
                "ECIES",
                "Keyring",
                "PFS",
                "Passwordless",
                "Perfect Forward Secrecy",
                "Virgil.Keys",
                "Virgil.Pass",
                "cross",
                "cryptography",
                "decryption",
                "elliptic",
                "encryption",
                "end-to-end",
                "pki",
                "platform",
                "sdk",
                "security",
                "verification",
                "virgil"
            ],
            "support": {
                "issues": "https://github.com/VirgilSecurity/virgil-sdk-php/issues",
                "source": "https://github.com/VirgilSecurity/virgil-sdk-php/tree/v6.1.1"
            },
            "time": "2020-12-01T21:16:01+00:00"
        },
        {
            "name": "vlucas/phpdotenv",
            "version": "v2.6.6",
            "source": {
                "type": "git",
                "url": "https://github.com/vlucas/phpdotenv.git",
                "reference": "e1d57f62db3db00d9139078cbedf262280701479"
            },
            "dist": {
                "type": "zip",
                "url": "https://api.github.com/repos/vlucas/phpdotenv/zipball/e1d57f62db3db00d9139078cbedf262280701479",
                "reference": "e1d57f62db3db00d9139078cbedf262280701479",
                "shasum": ""
            },
            "require": {
                "php": "^5.3.9 || ^7.0 || ^8.0",
                "symfony/polyfill-ctype": "^1.17"
            },
            "require-dev": {
                "ext-filter": "*",
                "ext-pcre": "*",
                "phpunit/phpunit": "^4.8.35 || ^5.7.27"
            },
            "suggest": {
                "ext-filter": "Required to use the boolean validator.",
                "ext-pcre": "Required to use most of the library."
            },
            "type": "library",
            "extra": {
                "branch-alias": {
                    "dev-master": "2.6-dev"
                }
            },
            "autoload": {
                "psr-4": {
                    "Dotenv\\": "src/"
                }
            },
            "notification-url": "https://packagist.org/downloads/",
            "license": [
                "BSD-3-Clause"
            ],
            "authors": [
                {
                    "name": "Graham Campbell",
                    "email": "graham@alt-three.com",
                    "homepage": "https://gjcampbell.co.uk/"
                },
                {
                    "name": "Vance Lucas",
                    "email": "vance@vancelucas.com",
                    "homepage": "https://vancelucas.com/"
                }
            ],
            "description": "Loads environment variables from `.env` to `getenv()`, `$_ENV` and `$_SERVER` automagically.",
            "keywords": [
                "dotenv",
                "env",
                "environment"
            ],
            "support": {
                "issues": "https://github.com/vlucas/phpdotenv/issues",
                "source": "https://github.com/vlucas/phpdotenv/tree/v2.6.6"
            },
            "funding": [
                {
                    "url": "https://github.com/GrahamCampbell",
                    "type": "github"
                },
                {
                    "url": "https://tidelift.com/funding/github/packagist/vlucas/phpdotenv",
                    "type": "tidelift"
                }
            ],
            "time": "2020-07-14T17:54:18+00:00"
        }
    ],
    "packages-dev": [],
    "aliases": [],
    "minimum-stability": "stable",
    "stability-flags": [],
    "prefer-stable": false,
    "prefer-lowest": false,
    "platform": {
        "php": ">=7.2"
    },
    "platform-dev": [],
    "plugin-api-version": "2.0.0"
}
